
Microsoft Visual Studio Solution File, Format Version 12.00
# Visual Studio 2013
VisualStudioVersion = 12.0.21005.1
MinimumVisualStudioVersion = 10.0.40219.1
Project("{FAE04EC0-301F-11D3-BF4B-00C04F79EFBC}") = "posv2", "posv2\posv2.csproj", "{E46C5C24-2B2C-46D5-8BCC-AF58268BBBCC}"
EndProject
Project("{54435603-DBB4-11D2-8724-00A0C9A8B90C}") = "SetupPOSv2", "SetupPOSv2\SetupPOSv2.vdproj", "{B5F456B0-208F-41D2-8460-1C745DDE3AB7}"
EndProject
Global
	GlobalSection(SolutionConfigurationPlatforms) = preSolution
		Debug|Any CPU = Debug|Any CPU
		Release|Any CPU = Release|Any CPU
	EndGlobalSection
	GlobalSection(ProjectConfigurationPlatforms) = postSolution
		{E46C5C24-2B2C-46D5-8BCC-AF58268BBBCC}.Debug|Any CPU.ActiveCfg = Debug|Any CPU
		{E46C5C24-2B2C-46D5-8BCC-AF58268BBBCC}.Debug|Any CPU.Build.0 = Debug|Any CPU
		{E46C5C24-2B2C-46D5-8BCC-AF58268BBBCC}.Release|Any CPU.ActiveCfg = Release|Any CPU
		{E46C5C24-2B2C-46D5-8BCC-AF58268BBBCC}.Release|Any CPU.Build.0 = Release|Any CPU
		{B5F456B0-208F-41D2-8460-1C745DDE3AB7}.Debug|Any CPU.ActiveCfg = Debug
		{B5F456B0-208F-41D2-8460-1C745DDE3AB7}.Release|Any CPU.ActiveCfg = Release
	EndGlobalSection
	GlobalSection(SolutionProperties) = preSolution
		HideSolutionNode = FALSE
	EndGlobalSection
EndGlobal
